
Microsoft Visual Studio Solution File, Format Version 12.00
# Visual Studio 2013
VisualStudioVersion = 12.0.31101.0
MinimumVisualStudioVersion = 10.0.40219.1
Project("{FAE04EC0-301F-11D3-BF4B-00C04F79EFBC}") = "EazvirtMe", "src\EazvirtMe\EazvirtMe.csproj", "{4D02A6D6-9F0D-474C-A8FC-0FDE8483EA94}"
EndProject
Global
	GlobalSection(SolutionConfigurationPlatforms) = preSolution
		Debug|Any CPU = Debug|Any CPU
		Release|Any CPU = Release|Any CPU
	EndGlobalSection
	GlobalSection(ProjectConfigurationPlatforms) = postSolution
		{4D02A6D6-9F0D-474C-A8FC-0FDE8483EA94}.Debug|Any CPU.ActiveCfg = Debug|Any CPU
		{4D02A6D6-9F0D-474C-A8FC-0FDE8483EA94}.Debug|Any CPU.Build.0 = Debug|Any CPU
		{4D02A6D6-9F0D-474C-A8FC-0FDE8483EA94}.Release|Any CPU.ActiveCfg = Release|Any CPU
		{4D02A6D6-9F0D-474C-A8FC-0FDE8483EA94}.Release|Any CPU.Build.0 = Release|Any CPU
	EndGlobalSection
	GlobalSection(SolutionProperties) = preSolution
		HideSolutionNode = FALSE
	EndGlobalSection
EndGlobal
